
Microsoft Visual Studio Solution File, Format Version 12.00
# Visual Studio Version 17
VisualStudioVersion = 17.10.34902.84
MinimumVisualStudioVersion = 10.0.40219.1
Project("{FAE04EC0-301F-11D3-BF4B-00C04F79EFBC}") = "Pris-lista", "Pris-lista\Pris-lista.csproj", "{CC476501-F7C3-4851-9F00-DEBDA739F90F}"
EndProject
Global
	GlobalSection(SolutionConfigurationPlatforms) = preSolution
		Debug|Any CPU = Debug|Any CPU
		Release|Any CPU = Release|Any CPU
	EndGlobalSection
	GlobalSection(ProjectConfigurationPlatforms) = postSolution
		{CC476501-F7C3-4851-9F00-DEBDA739F90F}.Debug|Any CPU.ActiveCfg = Debug|Any CPU
		{CC476501-F7C3-4851-9F00-DEBDA739F90F}.Debug|Any CPU.Build.0 = Debug|Any CPU
		{CC476501-F7C3-4851-9F00-DEBDA739F90F}.Release|Any CPU.ActiveCfg = Release|Any CPU
		{CC476501-F7C3-4851-9F00-DEBDA739F90F}.Release|Any CPU.Build.0 = Release|Any CPU
	EndGlobalSection
	GlobalSection(SolutionProperties) = preSolution
		HideSolutionNode = FALSE
	EndGlobalSection
	GlobalSection(ExtensibilityGlobals) = postSolution
		SolutionGuid = {AABFD3EF-4AD4-48C4-BC1E-0A17AE6A5120}
	EndGlobalSection
EndGlobal
